
Microsoft Visual Studio Solution File, Format Version 12.00
# Visual Studio 15
VisualStudioVersion = 15.0.28307.1500
MinimumVisualStudioVersion = 10.0.40219.1
Project("{FAE04EC0-301F-11D3-BF4B-00C04F79EFBC}") = "jagged array", "jagged array\jagged array.csproj", "{EA14E51D-D30A-4510-943E-0236217ED167}"
EndProject
Global
	GlobalSection(SolutionConfigurationPlatforms) = preSolution
		Debug|Any CPU = Debug|Any CPU
		Release|Any CPU = Release|Any CPU
	EndGlobalSection
	GlobalSection(ProjectConfigurationPlatforms) = postSolution
		{EA14E51D-D30A-4510-943E-0236217ED167}.Debug|Any CPU.ActiveCfg = Debug|Any CPU
		{EA14E51D-D30A-4510-943E-0236217ED167}.Debug|Any CPU.Build.0 = Debug|Any CPU
		{EA14E51D-D30A-4510-943E-0236217ED167}.Release|Any CPU.ActiveCfg = Release|Any CPU
		{EA14E51D-D30A-4510-943E-0236217ED167}.Release|Any CPU.Build.0 = Release|Any CPU
	EndGlobalSection
	GlobalSection(SolutionProperties) = preSolution
		HideSolutionNode = FALSE
	EndGlobalSection
	GlobalSection(ExtensibilityGlobals) = postSolution
		SolutionGuid = {0E05C890-EC7D-48E7-B5F1-76C2248C5425}
	EndGlobalSection
EndGlobal
