
Microsoft Visual Studio Solution File, Format Version 12.00
# Visual Studio 15
VisualStudioVersion = 15.0.28307.1500
MinimumVisualStudioVersion = 10.0.40219.1
Project("{FAE04EC0-301F-11D3-BF4B-00C04F79EFBC}") = "DELEGATE-ASSiGNMENT", "DELEGATE-ASSiGNMENT\DELEGATE-ASSiGNMENT.csproj", "{CFCADBA1-7209-4916-AB91-95169C28B854}"
EndProject
Global
	GlobalSection(SolutionConfigurationPlatforms) = preSolution
		Debug|Any CPU = Debug|Any CPU
		Release|Any CPU = Release|Any CPU
	EndGlobalSection
	GlobalSection(ProjectConfigurationPlatforms) = postSolution
		{CFCADBA1-7209-4916-AB91-95169C28B854}.Debug|Any CPU.ActiveCfg = Debug|Any CPU
		{CFCADBA1-7209-4916-AB91-95169C28B854}.Debug|Any CPU.Build.0 = Debug|Any CPU
		{CFCADBA1-7209-4916-AB91-95169C28B854}.Release|Any CPU.ActiveCfg = Release|Any CPU
		{CFCADBA1-7209-4916-AB91-95169C28B854}.Release|Any CPU.Build.0 = Release|Any CPU
	EndGlobalSection
	GlobalSection(SolutionProperties) = preSolution
		HideSolutionNode = FALSE
	EndGlobalSection
	GlobalSection(ExtensibilityGlobals) = postSolution
		SolutionGuid = {572D3B7C-1496-4805-9A63-CF10EADC2DA5}
	EndGlobalSection
EndGlobal
