
Microsoft Visual Studio Solution File, Format Version 12.00
# Visual Studio 15
VisualStudioVersion = 15.0.28307.1500
MinimumVisualStudioVersion = 10.0.40219.1
Project("{FAE04EC0-301F-11D3-BF4B-00C04F79EFBC}") = "ENUM_ASSIGNMEENT", "ENUM_ASSIGNMEENT\ENUM_ASSIGNMEENT.csproj", "{47E7B350-723B-4D8F-9BB4-B6BB6CD0F5BA}"
EndProject
Global
	GlobalSection(SolutionConfigurationPlatforms) = preSolution
		Debug|Any CPU = Debug|Any CPU
		Release|Any CPU = Release|Any CPU
	EndGlobalSection
	GlobalSection(ProjectConfigurationPlatforms) = postSolution
		{47E7B350-723B-4D8F-9BB4-B6BB6CD0F5BA}.Debug|Any CPU.ActiveCfg = Debug|Any CPU
		{47E7B350-723B-4D8F-9BB4-B6BB6CD0F5BA}.Debug|Any CPU.Build.0 = Debug|Any CPU
		{47E7B350-723B-4D8F-9BB4-B6BB6CD0F5BA}.Release|Any CPU.ActiveCfg = Release|Any CPU
		{47E7B350-723B-4D8F-9BB4-B6BB6CD0F5BA}.Release|Any CPU.Build.0 = Release|Any CPU
	EndGlobalSection
	GlobalSection(SolutionProperties) = preSolution
		HideSolutionNode = FALSE
	EndGlobalSection
	GlobalSection(ExtensibilityGlobals) = postSolution
		SolutionGuid = {7DCFCDB9-5804-4265-9991-522347395626}
	EndGlobalSection
EndGlobal
