
Microsoft Visual Studio Solution File, Format Version 12.00
# Visual Studio 15
VisualStudioVersion = 15.0.28307.1500
MinimumVisualStudioVersion = 10.0.40219.1
Project("{FAE04EC0-301F-11D3-BF4B-00C04F79EFBC}") = "assignment new-delegate", "assignment new-delegate\assignment new-delegate.csproj", "{B5FA29AF-D3AC-48CB-B900-1B5EBA025A8B}"
EndProject
Global
	GlobalSection(SolutionConfigurationPlatforms) = preSolution
		Debug|Any CPU = Debug|Any CPU
		Release|Any CPU = Release|Any CPU
	EndGlobalSection
	GlobalSection(ProjectConfigurationPlatforms) = postSolution
		{B5FA29AF-D3AC-48CB-B900-1B5EBA025A8B}.Debug|Any CPU.ActiveCfg = Debug|Any CPU
		{B5FA29AF-D3AC-48CB-B900-1B5EBA025A8B}.Debug|Any CPU.Build.0 = Debug|Any CPU
		{B5FA29AF-D3AC-48CB-B900-1B5EBA025A8B}.Release|Any CPU.ActiveCfg = Release|Any CPU
		{B5FA29AF-D3AC-48CB-B900-1B5EBA025A8B}.Release|Any CPU.Build.0 = Release|Any CPU
	EndGlobalSection
	GlobalSection(SolutionProperties) = preSolution
		HideSolutionNode = FALSE
	EndGlobalSection
	GlobalSection(ExtensibilityGlobals) = postSolution
		SolutionGuid = {09D22322-F32A-4A2F-B750-5D9F36CFDE42}
	EndGlobalSection
EndGlobal
